// !$*UTF8*$!
{
	archiveVersion = 1;
	classes = {
	};
	objectVersion = 46;
	objects = {

/* Begin PBXBuildFile section */
		258B19D61B7659060065A317 /* AppDelegate.swift in Sources */ = {isa = PBXBuildFile; fileRef = 258B19D51B7659060065A317 /* AppDelegate.swift */; };
		258B19D81B7659060065A317 /* ViewController.swift in Sources */ = {isa = PBXBuildFile; fileRef = 258B19D71B7659060065A317 /* ViewController.swift */; };
		258B19DB1B7659060065A317 /* Main.storyboard in Resources */ = {isa = PBXBuildFile; fileRef = 258B19D91B7659060065A317 /* Main.storyboard */; };
		258B19DD1B7659060065A317 /* Images.xcassets in Resources */ = {isa = PBXBuildFile; fileRef = 258B19DC1B7659060065A317 /* Images.xcassets */; };
		258B19E01B7659060065A317 /* LaunchScreen.xib in Resources */ = {isa = PBXBuildFile; fileRef = 258B19DE1B7659060065A317 /* LaunchScreen.xib */; };
		258B19EC1B7659070065A317 /* VPAID_DemoTests.swift in Sources */ = {isa = PBXBuildFile; fileRef = 258B19EB1B7659060065A317 /* VPAID_DemoTests.swift */; };
		258B4BF81B876FE400E5B5A7 /* ios-vpaid.js in Resources */ = {isa = PBXBuildFile; fileRef = 258B4BF71B876FE400E5B5A7 /* ios-vpaid.js */; };
		25F4C9A71B7BAF2800ECD35B /* SWXMLHash.framework in Frameworks */ = {isa = PBXBuildFile; fileRef = 25F4C9A61B7BAF2800ECD35B /* SWXMLHash.framework */; };
		5C26CCC094A7693A2923682F /* Pods.framework in Frameworks */ = {isa = PBXBuildFile; fileRef = 37B1505355F86328599B32B3 /* Pods.framework */; settings = {ATTRIBUTES = (Required, ); }; };
/* End PBXBuildFile section */

/* Begin PBXContainerItemProxy section */
		258B19E61B7659060065A317 /* PBXContainerItemProxy */ = {
			isa = PBXContainerItemProxy;
			containerPortal = 258B19C81B7659060065A317 /* Project object */;
			proxyType = 1;
			remoteGlobalIDString = 258B19CF1B7659060065A317;
			remoteInfo = "VPAID-Demo";
		};
/* End PBXContainerItemProxy section */

/* Begin PBXFileReference section */
		04AB6505A43AEC8230E7EFD5 /* Pods.debug.xcconfig */ = {isa = PBXFileReference; includeInIndex = 1; lastKnownFileType = text.xcconfig; name = Pods.debug.xcconfig; path = "Pods/Target Support Files/Pods/Pods.debug.xcconfig"; sourceTree = "<group>"; };
		258B19D01B7659060065A317 /* VPAID-Demo.app */ = {isa = PBXFileReference; explicitFileType = wrapper.application; includeInIndex = 0; path = "VPAID-Demo.app"; sourceTree = BUILT_PRODUCTS_DIR; };
		258B19D41B7659060065A317 /* Info.plist */ = {isa = PBXFileReference; lastKnownFileType = text.plist.xml; path = Info.plist; sourceTree = "<group>"; };
		258B19D51B7659060065A317 /* AppDelegate.swift */ = {isa = PBXFileReference; lastKnownFileType = sourcecode.swift; path = AppDelegate.swift; sourceTree = "<group>"; };
		258B19D71B7659060065A317 /* ViewController.swift */ = {isa = PBXFileReference; lastKnownFileType = sourcecode.swift; path = ViewController.swift; sourceTree = "<group>"; };
		258B19DA1B7659060065A317 /* Base */ = {isa = PBXFileReference; lastKnownFileType = file.storyboard; name = Base; path = Base.lproj/Main.storyboard; sourceTree = "<group>"; };
		258B19DC1B7659060065A317 /* Images.xcassets */ = {isa = PBXFileReference; lastKnownFileType = folder.assetcatalog; path = Images.xcassets; sourceTree = "<group>"; };
		258B19DF1B7659060065A317 /* Base */ = {isa = PBXFileReference; lastKnownFileType = file.xib; name = Base; path = Base.lproj/LaunchScreen.xib; sourceTree = "<group>"; };
		258B19E51B7659060065A317 /* VPAID-DemoTests.xctest */ = {isa = PBXFileReference; explicitFileType = wrapper.cfbundle; includeInIndex = 0; path = "VPAID-DemoTests.xctest"; sourceTree = BUILT_PRODUCTS_DIR; };
		258B19EA1B7659060065A317 /* Info.plist */ = {isa = PBXFileReference; lastKnownFileType = text.plist.xml; path = Info.plist; sourceTree = "<group>"; };
		258B19EB1B7659060065A317 /* VPAID_DemoTests.swift */ = {isa = PBXFileReference; lastKnownFileType = sourcecode.swift; path = VPAID_DemoTests.swift; sourceTree = "<group>"; };
		258B4BF71B876FE400E5B5A7 /* ios-vpaid.js */ = {isa = PBXFileReference; fileEncoding = 4; lastKnownFileType = sourcecode.javascript; path = "ios-vpaid.js"; sourceTree = "<group>"; };
		25F4C9A61B7BAF2800ECD35B /* SWXMLHash.framework */ = {isa = PBXFileReference; lastKnownFileType = wrapper.framework; name = SWXMLHash.framework; path = "Pods/../build/Debug-iphoneos/SWXMLHash.framework"; sourceTree = "<group>"; };
		37B1505355F86328599B32B3 /* Pods.framework */ = {isa = PBXFileReference; explicitFileType = wrapper.framework; includeInIndex = 0; path = Pods.framework; sourceTree = BUILT_PRODUCTS_DIR; };
		6CDD04BC676E435C74C773BE /* Pods.release.xcconfig */ = {isa = PBXFileReference; includeInIndex = 1; lastKnownFileType = text.xcconfig; name = Pods.release.xcconfig; path = "Pods/Target Support Files/Pods/Pods.release.xcconfig"; sourceTree = "<group>"; };
/* End PBXFileReference section */

/* Begin PBXFrameworksBuildPhase section */
		258B19CD1B7659060065A317 /* Frameworks */ = {
			isa = PBXFrameworksBuildPhase;
			buildActionMask = 2147483647;
			files = (
				5C26CCC094A7693A2923682F /* Pods.framework in Frameworks */,
				25F4C9A71B7BAF2800ECD35B /* SWXMLHash.framework in Frameworks */,
			);
			runOnlyForDeploymentPostprocessing = 0;
		};
		258B19E21B7659060065A317 /* Frameworks */ = {
			isa = PBXFrameworksBuildPhase;
			buildActionMask = 2147483647;
			files = (
			);
			runOnlyForDeploymentPostprocessing = 0;
		};
/* End PBXFrameworksBuildPhase section */

/* Begin PBXGroup section */
		258B19C71B7659060065A317 = {
			isa = PBXGroup;
			children = (
				258B19D21B7659060065A317 /* VPAID-Demo */,
				258B19E81B7659060065A317 /* VPAID-DemoTests */,
				258B19D11B7659060065A317 /* Products */,
				CCF90AD1E417F8C186B1834F /* Pods */,
				6D46040A3E586A3FA431440A /* Frameworks */,
			);
			sourceTree = "<group>";
		};
		258B19D11B7659060065A317 /* Products */ = {
			isa = PBXGroup;
			children = (
				258B19D01B7659060065A317 /* VPAID-Demo.app */,
				258B19E51B7659060065A317 /* VPAID-DemoTests.xctest */,
			);
			name = Products;
			sourceTree = "<group>";
		};
		258B19D21B7659060065A317 /* VPAID-Demo */ = {
			isa = PBXGroup;
			children = (
				258B19D51B7659060065A317 /* AppDelegate.swift */,
				258B19D71B7659060065A317 /* ViewController.swift */,
				258B4BF71B876FE400E5B5A7 /* ios-vpaid.js */,
				258B19D91B7659060065A317 /* Main.storyboard */,
				258B19DC1B7659060065A317 /* Images.xcassets */,
				258B19DE1B7659060065A317 /* LaunchScreen.xib */,
				258B19D31B7659060065A317 /* Supporting Files */,
			);
			path = "VPAID-Demo";
			sourceTree = "<group>";
		};
		258B19D31B7659060065A317 /* Supporting Files */ = {
			isa = PBXGroup;
			children = (
				258B19D41B7659060065A317 /* Info.plist */,
			);
			name = "Supporting Files";
			sourceTree = "<group>";
		};
		258B19E81B7659060065A317 /* VPAID-DemoTests */ = {
			isa = PBXGroup;
			children = (
				258B19EB1B7659060065A317 /* VPAID_DemoTests.swift */,
				258B19E91B7659060065A317 /* Supporting Files */,
			);
			path = "VPAID-DemoTests";
			sourceTree = "<group>";
		};
		258B19E91B7659060065A317 /* Supporting Files */ = {
			isa = PBXGroup;
			children = (
				258B19EA1B7659060065A317 /* Info.plist */,
			);
			name = "Supporting Files";
			sourceTree = "<group>";
		};
		6D46040A3E586A3FA431440A /* Frameworks */ = {
			isa = PBXGroup;
			children = (
				25F4C9A61B7BAF2800ECD35B /* SWXMLHash.framework */,
				37B1505355F86328599B32B3 /* Pods.framework */,
			);
			name = Frameworks;
			sourceTree = "<group>";
		};
		CCF90AD1E417F8C186B1834F /* Pods */ = {
			isa = PBXGroup;
			children = (
				04AB6505A43AEC8230E7EFD5 /* Pods.debug.xcconfig */,
				6CDD04BC676E435C74C773BE /* Pods.release.xcconfig */,
			);
			name = Pods;
			sourceTree = "<group>";
		};
/* End PBXGroup section */

/* Begin PBXNativeTarget section */
		258B19CF1B7659060065A317 /* VPAID-Demo */ = {
			isa = PBXNativeTarget;
			buildConfigurationList = 258B19EF1B7659070065A317 /* Build configuration list for PBXNativeTarget "VPAID-Demo" */;
			buildPhases = (
				AE1C717F1B17C0470E6D3E46 /* Check Pods Manifest.lock */,
				258B19CC1B7659060065A317 /* Sources */,
				258B19CD1B7659060065A317 /* Frameworks */,
				258B19CE1B7659060065A317 /* Resources */,
				9457F4CCC8E2063D9D75BC23 /* Embed Pods Frameworks */,
				69073F5112467B41D4614DAF /* Copy Pods Resources */,
			);
			buildRules = (
			);
			dependencies = (
			);
			name = "VPAID-Demo";
			productName = "VPAID-Demo";
			productReference = 258B19D01B7659060065A317 /* VPAID-Demo.app */;
			productType = "com.apple.product-type.application";
		};
		258B19E41B7659060065A317 /* VPAID-DemoTests */ = {
			isa = PBXNativeTarget;
			buildConfigurationList = 258B19F21B7659070065A317 /* Build configuration list for PBXNativeTarget "VPAID-DemoTests" */;
			buildPhases = (
				258B19E11B7659060065A317 /* Sources */,
				258B19E21B7659060065A317 /* Frameworks */,
				258B19E31B7659060065A317 /* Resources */,
			);
			buildRules = (
			);
			dependencies = (
				258B19E71B7659060065A317 /* PBXTargetDependency */,
			);
			name = "VPAID-DemoTests";
			productName = "VPAID-DemoTests";
			productReference = 258B19E51B7659060065A317 /* VPAID-DemoTests.xctest */;
			productType = "com.apple.product-type.bundle.unit-test";
		};
/* End PBXNativeTarget section */

/* Begin PBXProject section */
		258B19C81B7659060065A317 /* Project object */ = {
			isa = PBXProject;
			attributes = {
				LastUpgradeCheck = 0640;
				ORGANIZATIONNAME = spotxchange;
				TargetAttributes = {
					258B19CF1B7659060065A317 = {
						CreatedOnToolsVersion = 6.4;
					};
					258B19E41B7659060065A317 = {
						CreatedOnToolsVersion = 6.4;
						TestTargetID = 258B19CF1B7659060065A317;
					};
				};
			};
			buildConfigurationList = 258B19CB1B7659060065A317 /* Build configuration list for PBXProject "VPAID-Demo" */;
			compatibilityVersion = "Xcode 3.2";
			developmentRegion = English;
			hasScannedForEncodings = 0;
			knownRegions = (
				en,
				Base,
			);
			mainGroup = 258B19C71B7659060065A317;
			productRefGroup = 258B19D11B7659060065A317 /* Products */;
			projectDirPath = "";
			projectRoot = "";
			targets = (
				258B19CF1B7659060065A317 /* VPAID-Demo */,
				258B19E41B7659060065A317 /* VPAID-DemoTests */,
			);
		};
/* End PBXProject section */

/* Begin PBXResourcesBuildPhase section */
		258B19CE1B7659060065A317 /* Resources */ = {
			isa = PBXResourcesBuildPhase;
			buildActionMask = 2147483647;
			files = (
				258B19DB1B7659060065A317 /* Main.storyboard in Resources */,
				258B19E01B7659060065A317 /* LaunchScreen.xib in Resources */,
				258B19DD1B7659060065A317 /* Images.xcassets in Resources */,
				258B4BF81B876FE400E5B5A7 /* ios-vpaid.js in Resources */,
			);
			runOnlyForDeploymentPostprocessing = 0;
		};
		258B19E31B7659060065A317 /* Resources */ = {
			isa = PBXResourcesBuildPhase;
			buildActionMask = 2147483647;
			files = (
			);
			runOnlyForDeploymentPostprocessing = 0;
		};
/* End PBXResourcesBuildPhase section */

/* Begin PBXShellScriptBuildPhase section */
		69073F5112467B41D4614DAF /* Copy Pods Resources */ = {
			isa = PBXShellScriptBuildPhase;
			buildActionMask = 2147483647;
			files = (
			);
			inputPaths = (
			);
			name = "Copy Pods Resources";
			outputPaths = (
			);
			runOnlyForDeploymentPostprocessing = 0;
			shellPath = /bin/sh;
			shellScript = "\"${SRCROOT}/Pods/Target Support Files/Pods/Pods-resources.sh\"\n";
			showEnvVarsInLog = 0;
		};
		9457F4CCC8E2063D9D75BC23 /* Embed Pods Frameworks */ = {
			isa = PBXShellScriptBuildPhase;
			buildActionMask = 2147483647;
			files = (
			);
			inputPaths = (
			);
			name = "Embed Pods Frameworks";
			outputPaths = (
			);
			runOnlyForDeploymentPostprocessing = 0;
			shellPath = /bin/sh;
			shellScript = "\"${SRCROOT}/Pods/Target Support Files/Pods/Pods-frameworks.sh\"\n";
			showEnvVarsInLog = 0;
		};
		AE1C717F1B17C0470E6D3E46 /* Check Pods Manifest.lock */ = {
			isa = PBXShellScriptBuildPhase;
			buildActionMask = 2147483647;
			files = (
			);
			inputPaths = (
			);
			name = "Check Pods Manifest.lock";
			outputPaths = (
			);
			runOnlyForDeploymentPostprocessing = 0;
			shellPath = /bin/sh;
			shellScript = "diff \"${PODS_ROOT}/../Podfile.lock\" \"${PODS_ROOT}/Manifest.lock\" > /dev/null\nif [[ $? != 0 ]] ; then\n    cat << EOM\nerror: The sandbox is not in sync with the Podfile.lock. Run 'pod install' or update your CocoaPods installation.\nEOM\n    exit 1\nfi\n";
			showEnvVarsInLog = 0;
		};
/* End PBXShellScriptBuildPhase section */

/* Begin PBXSourcesBuildPhase section */
		258B19CC1B7659060065A317 /* Sources */ = {
			isa = PBXSourcesBuildPhase;
			buildActionMask = 2147483647;
			files = (
				258B19D81B7659060065A317 /* ViewController.swift in Sources */,
				258B19D61B7659060065A317 /* AppDelegate.swift in Sources */,
			);
			runOnlyForDeploymentPostprocessing = 0;
		};
		258B19E11B7659060065A317 /* Sources */ = {
			isa = PBXSourcesBuildPhase;
			buildActionMask = 2147483647;
			files = (
				258B19EC1B7659070065A317 /* VPAID_DemoTests.swift in Sources */,
			);
			runOnlyForDeploymentPostprocessing = 0;
		};
/* End PBXSourcesBuildPhase section */

/* Begin PBXTargetDependency section */
		258B19E71B7659060065A317 /* PBXTargetDependency */ = {
			isa = PBXTargetDependency;
			target = 258B19CF1B7659060065A317 /* VPAID-Demo */;
			targetProxy = 258B19E61B7659060065A317 /* PBXContainerItemProxy */;
		};
/* End PBXTargetDependency section */

/* Begin PBXVariantGroup section */
		258B19D91B7659060065A317 /* Main.storyboard */ = {
			isa = PBXVariantGroup;
			children = (
				258B19DA1B7659060065A317 /* Base */,
			);
			name = Main.storyboard;
			sourceTree = "<group>";
		};
		258B19DE1B7659060065A317 /* LaunchScreen.xib */ = {
			isa = PBXVariantGroup;
			children = (
				258B19DF1B7659060065A317 /* Base */,
			);
			name = LaunchScreen.xib;
			sourceTree = "<group>";
		};
/* End PBXVariantGroup section */

/* Begin XCBuildConfiguration section */
		258B19ED1B7659070065A317 /* Debug */ = {
			isa = XCBuildConfiguration;
			buildSettings = {
				ALWAYS_SEARCH_USER_PATHS = NO;
				CLANG_CXX_LANGUAGE_STANDARD = "gnu++0x";
				CLANG_CXX_LIBRARY = "libc++";
				CLANG_ENABLE_MODULES = YES;
				CLANG_ENABLE_OBJC_ARC = YES;
				CLANG_WARN_BOOL_CONVERSION = YES;
				CLANG_WARN_CONSTANT_CONVERSION = YES;
				CLANG_WARN_DIRECT_OBJC_ISA_USAGE = YES_ERROR;
				CLANG_WARN_EMPTY_BODY = YES;
				CLANG_WARN_ENUM_CONVERSION = YES;
				CLANG_WARN_INT_CONVERSION = YES;
				CLANG_WARN_OBJC_ROOT_CLASS = YES_ERROR;
				CLANG_WARN_UNREACHABLE_CODE = YES;
				CLANG_WARN__DUPLICATE_METHOD_MATCH = YES;
				"CODE_SIGN_IDENTITY[sdk=iphoneos*]" = "iPhone Developer";
				COPY_PHASE_STRIP = NO;
				DEBUG_INFORMATION_FORMAT = "dwarf-with-dsym";
				ENABLE_STRICT_OBJC_MSGSEND = YES;
				GCC_C_LANGUAGE_STANDARD = gnu99;
				GCC_DYNAMIC_NO_PIC = NO;
				GCC_NO_COMMON_BLOCKS = YES;
				GCC_OPTIMIZATION_LEVEL = 0;
				GCC_PREPROCESSOR_DEFINITIONS = (
					"DEBUG=1",
					"$(inherited)",
				);
				GCC_SYMBOLS_PRIVATE_EXTERN = NO;
				GCC_WARN_64_TO_32_BIT_CONVERSION = YES;
				GCC_WARN_ABOUT_RETURN_TYPE = YES_ERROR;
				GCC_WARN_UNDECLARED_SELECTOR = YES;
				GCC_WARN_UNINITIALIZED_AUTOS = YES_AGGRESSIVE;
				GCC_WARN_UNUSED_FUNCTION = YES;
				GCC_WARN_UNUSED_VARIABLE = YES;
				IPHONEOS_DEPLOYMENT_TARGET = 8.4;
				MTL_ENABLE_DEBUG_INFO = YES;
				ONLY_ACTIVE_ARCH = YES;
				SDKROOT = iphoneos;
				SWIFT_OPTIMIZATION_LEVEL = "-Onone";
				TARGETED_DEVICE_FAMILY = "1,2";
			};
			name = Debug;
		};
		258B19EE1B7659070065A317 /* Release */ = {
			isa = XCBuildConfiguration;
			buildSettings = {
				ALWAYS_SEARCH_USER_PATHS = NO;
				CLANG_CXX_LANGUAGE_STANDARD = "gnu++0x";
				CLANG_CXX_LIBRARY = "libc++";
				CLANG_ENABLE_MODULES = YES;
				CLANG_ENABLE_OBJC_ARC = YES;
				CLANG_WARN_BOOL_CONVERSION = YES;
				CLANG_WARN_CONSTANT_CONVERSION = YES;
				CLANG_WARN_DIRECT_OBJC_ISA_USAGE = YES_ERROR;
				CLANG_WARN_EMPTY_BODY = YES;
				CLANG_WARN_ENUM_CONVERSION = YES;
				CLANG_WARN_INT_CONVERSION = YES;
				CLANG_WARN_OBJC_ROOT_CLASS = YES_ERROR;
				CLANG_WARN_UNREACHABLE_CODE = YES;
				CLANG_WARN__DUPLICATE_METHOD_MATCH = YES;
				"CODE_SIGN_IDENTITY[sdk=iphoneos*]" = "iPhone Developer";
				COPY_PHASE_STRIP = NO;
				DEBUG_INFORMATION_FORMAT = "dwarf-with-dsym";
				ENABLE_NS_ASSERTIONS = NO;
				ENABLE_STRICT_OBJC_MSGSEND = YES;
				GCC_C_LANGUAGE_STANDARD = gnu99;
				GCC_NO_COMMON_BLOCKS = YES;
				GCC_WARN_64_TO_32_BIT_CONVERSION = YES;
				GCC_WARN_ABOUT_RETURN_TYPE = YES_ERROR;
				GCC_WARN_UNDECLARED_SELECTOR = YES;
				GCC_WARN_UNINITIALIZED_AUTOS = YES_AGGRESSIVE;
				GCC_WARN_UNUSED_FUNCTION = YES;
				GCC_WARN_UNUSED_VARIABLE = YES;
				IPHONEOS_DEPLOYMENT_TARGET = 8.4;
				MTL_ENABLE_DEBUG_INFO = NO;
				SDKROOT = iphoneos;
				TARGETED_DEVICE_FAMILY = "1,2";
				VALIDATE_PRODUCT = YES;
			};
			name = Release;
		};
		258B19F01B7659070065A317 /* Debug */ = {
			isa = XCBuildConfiguration;
			baseConfigurationReference = 04AB6505A43AEC8230E7EFD5 /* Pods.debug.xcconfig */;
			buildSettings = {
				ASSETCATALOG_COMPILER_APPICON_NAME = AppIcon;
				FRAMEWORK_SEARCH_PATHS = (
					"$(inherited)",
					"$(PROJECT_DIR)/build/Debug-iphoneos",
				);
				INFOPLIST_FILE = "VPAID-Demo/Info.plist";
				IPHONEOS_DEPLOYMENT_TARGET = 8.0;
				LD_RUNPATH_SEARCH_PATHS = "$(inherited) @executable_path/Frameworks";
				PRODUCT_NAME = "$(TARGET_NAME)";
			};
			name = Debug;
		};
		258B19F11B7659070065A317 /* Release */ = {
			isa = XCBuildConfiguration;
			baseConfigurationReference = 6CDD04BC676E435C74C773BE /* Pods.release.xcconfig */;
			buildSettings = {
				ASSETCATALOG_COMPILER_APPICON_NAME = AppIcon;
				FRAMEWORK_SEARCH_PATHS = (
					"$(inherited)",
					"$(PROJECT_DIR)/build/Debug-iphoneos",
				);
				INFOPLIST_FILE = "VPAID-Demo/Info.plist";
				IPHONEOS_DEPLOYMENT_TARGET = 8.0;
				LD_RUNPATH_SEARCH_PATHS = "$(inherited) @executable_path/Frameworks";
				PRODUCT_NAME = "$(TARGET_NAME)";
			};
			name = Release;
		};
		258B19F31B7659070065A317 /* Debug */ = {
			isa = XCBuildConfiguration;
			buildSettings = {
				BUNDLE_LOADER = "$(TEST_HOST)";
				FRAMEWORK_SEARCH_PATHS = (
					"$(SDKROOT)/Developer/Library/Frameworks",
					"$(inherited)",
				);
				GCC_PREPROCESSOR_DEFINITIONS = (
					"DEBUG=1",
					"$(inherited)",
				);
				INFOPLIST_FILE = "VPAID-DemoTests/Info.plist";
				LD_RUNPATH_SEARCH_PATHS = "$(inherited) @executable_path/Frameworks @loader_path/Frameworks";
				PRODUCT_NAME = "$(TARGET_NAME)";
				TEST_HOST = "$(BUILT_PRODUCTS_DIR)/VPAID-Demo.app/VPAID-Demo";
			};
			name = Debug;
		};
		258B19F41B7659070065A317 /* Release */ = {
			isa = XCBuildConfiguration;
			buildSettings = {
				BUNDLE_LOADER = "$(TEST_HOST)";
				FRAMEWORK_SEARCH_PATHS = (
					"$(SDKROOT)/Developer/Library/Frameworks",
					"$(inherited)",
				);
				INFOPLIST_FILE = "VPAID-DemoTests/Info.plist";
				LD_RUNPATH_SEARCH_PATHS = "$(inherited) @executable_path/Frameworks @loader_path/Frameworks";
				PRODUCT_NAME = "$(TARGET_NAME)";
				TEST_HOST = "$(BUILT_PRODUCTS_DIR)/VPAID-Demo.app/VPAID-Demo";
			};
			name = Release;
		};
/* End XCBuildConfiguration section */

/* Begin XCConfigurationList section */
		258B19CB1B7659060065A317 /* Build configuration list for PBXProject "VPAID-Demo" */ = {
			isa = XCConfigurationList;
			buildConfigurations = (
				258B19ED1B7659070065A317 /* Debug */,
				258B19EE1B7659070065A317 /* Release */,
			);
			defaultConfigurationIsVisible = 0;
			defaultConfigurationName = Release;
		};
		258B19EF1B7659070065A317 /* Build configuration list for PBXNativeTarget "VPAID-Demo" */ = {
			isa = XCConfigurationList;
			buildConfigurations = (
				258B19F01B7659070065A317 /* Debug */,
				258B19F11B7659070065A317 /* Release */,
			);
			defaultConfigurationIsVisible = 0;
			defaultConfigurationName = Release;
		};
		258B19F21B7659070065A317 /* Build configuration list for PBXNativeTarget "VPAID-DemoTests" */ = {
			isa = XCConfigurationList;
			buildConfigurations = (
				258B19F31B7659070065A317 /* Debug */,
				258B19F41B7659070065A317 /* Release */,
			);
			defaultConfigurationIsVisible = 0;
			defaultConfigurationName = Release;
		};
/* End XCConfigurationList section */
	};
	rootObject = 258B19C81B7659060065A317 /* Project object */;
}
